
Microsoft Visual Studio Solution File, Format Version 12.00
# Visual Studio Version 16
VisualStudioVersion = 16.0.32002.261
MinimumVisualStudioVersion = 10.0.40219.1
Project("{FAE04EC0-301F-11D3-BF4B-00C04F79EFBC}") = "Arkansas Armory", "Arkansas Armory\Arkansas Armory.csproj", "{84BC9053-C4B3-4E9F-AD14-1FE859009E4D}"
EndProject
Global
	GlobalSection(SolutionConfigurationPlatforms) = preSolution
		Debug|Any CPU = Debug|Any CPU
		Release|Any CPU = Release|Any CPU
	EndGlobalSection
	GlobalSection(ProjectConfigurationPlatforms) = postSolution
		{84BC9053-C4B3-4E9F-AD14-1FE859009E4D}.Debug|Any CPU.ActiveCfg = Debug|Any CPU
		{84BC9053-C4B3-4E9F-AD14-1FE859009E4D}.Debug|Any CPU.Build.0 = Debug|Any CPU
		{84BC9053-C4B3-4E9F-AD14-1FE859009E4D}.Release|Any CPU.ActiveCfg = Release|Any CPU
		{84BC9053-C4B3-4E9F-AD14-1FE859009E4D}.Release|Any CPU.Build.0 = Release|Any CPU
	EndGlobalSection
	GlobalSection(SolutionProperties) = preSolution
		HideSolutionNode = FALSE
	EndGlobalSection
	GlobalSection(ExtensibilityGlobals) = postSolution
		SolutionGuid = {D9A2D271-5BFB-4D40-8DCC-C11C33DA3838}
	EndGlobalSection
EndGlobal
